PODS:
  - BaseAPI (0.1.7)
  - CrowdinIntervalUpdates (1.1.0):
    - CrowdinSDK
  - CrowdinRealtimeUpdates (1.1.0):
    - CrowdinSDK
  - CrowdinScreenshots (1.1.0):
    - CrowdinSDK
  - CrowdinSDK (1.1.0):
    - BaseAPI (= 0.1.7)
    - Starscream (= 3.1.1)
  - CrowdinSettings (1.1.0):
    - CrowdinIntervalUpdates
    - CrowdinRealtimeUpdates
    - CrowdinScreenshots
    - CrowdinSDK
  - FAPanels (1.0.2)
  - FileBrowser (1.0.0)
  - R.swift (5.0.1):
    - R.swift.Library (~> 5.0.0)
  - R.swift.Library (5.0.0)
  - Starscream (3.1.1)
  - SwiftLint (0.31.0)

DEPENDENCIES:
  - CrowdinIntervalUpdates (from `../`)
  - CrowdinRealtimeUpdates (from `../`)
  - CrowdinScreenshots (from `../`)
  - CrowdinSDK (from `../`)
  - CrowdinSettings (from `../`)
  - FAPanels
  - FileBrowser (from `https://github.com/serhii-londar/FileBrowser.git`)
  - R.swift
  - SwiftLint

SPEC REPOS:
  https://github.com/CocoaPods/Specs.git:
    - BaseAPI
    - FAPanels
    - R.swift
    - R.swift.Library
    - Starscream
    - SwiftLint

EXTERNAL SOURCES:
  CrowdinIntervalUpdates:
    :path: "../"
  CrowdinRealtimeUpdates:
    :path: "../"
  CrowdinScreenshots:
    :path: "../"
  CrowdinSDK:
    :path: "../"
  CrowdinSettings:
    :path: "../"
  FileBrowser:
    :git: https://github.com/serhii-londar/FileBrowser.git

CHECKOUT OPTIONS:
  FileBrowser:
    :commit: 2b89796436311c117270382355ad030caadd3a3f
    :git: https://github.com/serhii-londar/FileBrowser.git

SPEC CHECKSUMS:
  BaseAPI: 78f88151221ac5d2dcc2dda69cf3aab6773fd8eb
  CrowdinIntervalUpdates: e5efb7b734ac2549f663febdc5ae73adef2f6412
  CrowdinRealtimeUpdates: b632b7aefefe5cfcb5cfe71a02b8b83a2da79450
  CrowdinScreenshots: 0c81d729d1542e647400f6fec3dc070e18b4b8c2
  CrowdinSDK: 7f01d6906765f7517fa10c7da0a93d8a028ac2be
  CrowdinSettings: 96fa8e9a53248b985023bf2c94924e3d5fbe761d
  FAPanels: 520037c53f4ded152e8e6103d97f79b644473363
  FileBrowser: 7a361252fed9fe35d95735a39d149b1cac5601d0
  R.swift: a8e1a7e7f38441282fbcb7a3c266076eb38b77ba
  R.swift.Library: 0bf390e729bc10bb2c9e4fb78bd043164a7be4ff
  Starscream: 4bb2f9942274833f7b4d296a55504dcfc7edb7b0
  SwiftLint: 7a0227733d786395817373b2d0ca799fd0093ff3

PODFILE CHECKSUM: a082c61df3c7ab235d80b15637e1147324b571c2

COCOAPODS: 1.8.4
